// !$*UTF8*$!
{
	archiveVersion = 1;
	classes = {
	};
	objectVersion = 56;
	objects = {

/* Begin PBXBuildFile section */
		1D36487A28DDCC78001E0F1C /* RepositorySearchApp.swift in Sources */ = {isa = PBXBuildFile; fileRef = 1D36487928DDCC78001E0F1C /* RepositorySearchApp.swift */; };
		1D36487C28DDCC78001E0F1C /* RepositoryListView.swift in Sources */ = {isa = PBXBuildFile; fileRef = 1D36487B28DDCC78001E0F1C /* RepositoryListView.swift */; };
		1D36487E28DDCC7C001E0F1C /* Assets.xcassets in Resources */ = {isa = PBXBuildFile; fileRef = 1D36487D28DDCC7C001E0F1C /* Assets.xcassets */; };
		1D36488128DDCC7C001E0F1C /* Preview Assets.xcassets in Resources */ = {isa = PBXBuildFile; fileRef = 1D36488028DDCC7C001E0F1C /* Preview Assets.xcassets */; };
		1D36488B28DDCC7C001E0F1C /* RepositorySearchTests.swift in Sources */ = {isa = PBXBuildFile; fileRef = 1D36488A28DDCC7C001E0F1C /* RepositorySearchTests.swift */; };
		1D36489528DDCC7C001E0F1C /* RepositorySearchUITests.swift in Sources */ = {isa = PBXBuildFile; fileRef = 1D36489428DDCC7C001E0F1C /* RepositorySearchUITests.swift */; };
		1D36489728DDCC7C001E0F1C /* RepositorySearchUITestsLaunchTests.swift in Sources */ = {isa = PBXBuildFile; fileRef = 1D36489628DDCC7C001E0F1C /* RepositorySearchUITestsLaunchTests.swift */; };
		1D3648A528DDCCE8001E0F1C /* RepositoryDetailView.swift in Sources */ = {isa = PBXBuildFile; fileRef = 1D3648A428DDCCE8001E0F1C /* RepositoryDetailView.swift */; };
		1D3648A828DDCD13001E0F1C /* RepositoryListViewModel.swift in Sources */ = {isa = PBXBuildFile; fileRef = 1D3648A728DDCD13001E0F1C /* RepositoryListViewModel.swift */; };
		1D3648AB28DDCD46001E0F1C /* Repository.swift in Sources */ = {isa = PBXBuildFile; fileRef = 1D3648AA28DDCD46001E0F1C /* Repository.swift */; };
		1D3648AE28DDCD73001E0F1C /* APIError.swift in Sources */ = {isa = PBXBuildFile; fileRef = 1D3648AD28DDCD73001E0F1C /* APIError.swift */; };
		1D3648B128DDCDEE001E0F1C /* SearchRepositoryRequest.swift in Sources */ = {isa = PBXBuildFile; fileRef = 1D3648B028DDCDEE001E0F1C /* SearchRepositoryRequest.swift */; };
		1D3648B328DE861A001E0F1C /* RepositoryIconView.swift in Sources */ = {isa = PBXBuildFile; fileRef = 1D3648B228DE861A001E0F1C /* RepositoryIconView.swift */; };
		1D3648B528DF38C2001E0F1C /* RepositoryListItemView.swift in Sources */ = {isa = PBXBuildFile; fileRef = 1D3648B428DF38C2001E0F1C /* RepositoryListItemView.swift */; };
/* End PBXBuildFile section */

/* Begin PBXContainerItemProxy section */
		1D36488728DDCC7C001E0F1C /* PBXContainerItemProxy */ = {
			isa = PBXContainerItemProxy;
			containerPortal = 1D36486E28DDCC78001E0F1C /* Project object */;
			proxyType = 1;
			remoteGlobalIDString = 1D36487528DDCC78001E0F1C;
			remoteInfo = RepositorySearch;
		};
		1D36489128DDCC7C001E0F1C /* PBXContainerItemProxy */ = {
			isa = PBXContainerItemProxy;
			containerPortal = 1D36486E28DDCC78001E0F1C /* Project object */;
			proxyType = 1;
			remoteGlobalIDString = 1D36487528DDCC78001E0F1C;
			remoteInfo = RepositorySearch;
		};
/* End PBXContainerItemProxy section */

/* Begin PBXFileReference section */
		1D36487628DDCC78001E0F1C /* RepositorySearch.app */ = {isa = PBXFileReference; explicitFileType = wrapper.application; includeInIndex = 0; path = RepositorySearch.app; sourceTree = BUILT_PRODUCTS_DIR; };
		1D36487928DDCC78001E0F1C /* RepositorySearchApp.swift */ = {isa = PBXFileReference; lastKnownFileType = sourcecode.swift; path = RepositorySearchApp.swift; sourceTree = "<group>"; };
		1D36487B28DDCC78001E0F1C /* RepositoryListView.swift */ = {isa = PBXFileReference; lastKnownFileType = sourcecode.swift; path = RepositoryListView.swift; sourceTree = "<group>"; };
		1D36487D28DDCC7C001E0F1C /* Assets.xcassets */ = {isa = PBXFileReference; lastKnownFileType = folder.assetcatalog; path = Assets.xcassets; sourceTree = "<group>"; };
		1D36488028DDCC7C001E0F1C /* Preview Assets.xcassets */ = {isa = PBXFileReference; lastKnownFileType = folder.assetcatalog; path = "Preview Assets.xcassets"; sourceTree = "<group>"; };
		1D36488628DDCC7C001E0F1C /* RepositorySearchTests.xctest */ = {isa = PBXFileReference; explicitFileType = wrapper.cfbundle; includeInIndex = 0; path = RepositorySearchTests.xctest; sourceTree = BUILT_PRODUCTS_DIR; };
		1D36488A28DDCC7C001E0F1C /* RepositorySearchTests.swift */ = {isa = PBXFileReference; lastKnownFileType = sourcecode.swift; path = RepositorySearchTests.swift; sourceTree = "<group>"; };
		1D36489028DDCC7C001E0F1C /* RepositorySearchUITests.xctest */ = {isa = PBXFileReference; explicitFileType = wrapper.cfbundle; includeInIndex = 0; path = RepositorySearchUITests.xctest; sourceTree = BUILT_PRODUCTS_DIR; };
		1D36489428DDCC7C001E0F1C /* RepositorySearchUITests.swift */ = {isa = PBXFileReference; lastKnownFileType = sourcecode.swift; path = RepositorySearchUITests.swift; sourceTree = "<group>"; };
		1D36489628DDCC7C001E0F1C /* RepositorySearchUITestsLaunchTests.swift */ = {isa = PBXFileReference; lastKnownFileType = sourcecode.swift; path = RepositorySearchUITestsLaunchTests.swift; sourceTree = "<group>"; };
		1D3648A428DDCCE8001E0F1C /* RepositoryDetailView.swift */ = {isa = PBXFileReference; lastKnownFileType = sourcecode.swift; path = RepositoryDetailView.swift; sourceTree = "<group>"; };
		1D3648A728DDCD13001E0F1C /* RepositoryListViewModel.swift */ = {isa = PBXFileReference; lastKnownFileType = sourcecode.swift; path = RepositoryListViewModel.swift; sourceTree = "<group>"; };
		1D3648AA28DDCD46001E0F1C /* Repository.swift */ = {isa = PBXFileReference; lastKnownFileType = sourcecode.swift; path = Repository.swift; sourceTree = "<group>"; };
		1D3648AD28DDCD73001E0F1C /* APIError.swift */ = {isa = PBXFileReference; lastKnownFileType = sourcecode.swift; path = APIError.swift; sourceTree = "<group>"; };
		1D3648B028DDCDEE001E0F1C /* SearchRepositoryRequest.swift */ = {isa = PBXFileReference; lastKnownFileType = sourcecode.swift; path = SearchRepositoryRequest.swift; sourceTree = "<group>"; };
		1D3648B228DE861A001E0F1C /* RepositoryIconView.swift */ = {isa = PBXFileReference; lastKnownFileType = sourcecode.swift; path = RepositoryIconView.swift; sourceTree = "<group>"; };
		1D3648B428DF38C2001E0F1C /* RepositoryListItemView.swift */ = {isa = PBXFileReference; lastKnownFileType = sourcecode.swift; path = RepositoryListItemView.swift; sourceTree = "<group>"; };
/* End PBXFileReference section */

/* Begin PBXFrameworksBuildPhase section */
		1D36487328DDCC78001E0F1C /* Frameworks */ = {
			isa = PBXFrameworksBuildPhase;
			buildActionMask = 2147483647;
			files = (
			);
			runOnlyForDeploymentPostprocessing = 0;
		};
		1D36488328DDCC7C001E0F1C /* Frameworks */ = {
			isa = PBXFrameworksBuildPhase;
			buildActionMask = 2147483647;
			files = (
			);
			runOnlyForDeploymentPostprocessing = 0;
		};
		1D36488D28DDCC7C001E0F1C /* Frameworks */ = {
			isa = PBXFrameworksBuildPhase;
			buildActionMask = 2147483647;
			files = (
			);
			runOnlyForDeploymentPostprocessing = 0;
		};
/* End PBXFrameworksBuildPhase section */

/* Begin PBXGroup section */
		1D36486D28DDCC78001E0F1C = {
			isa = PBXGroup;
			children = (
				1D36487828DDCC78001E0F1C /* RepositorySearch */,
				1D36488928DDCC7C001E0F1C /* RepositorySearchTests */,
				1D36489328DDCC7C001E0F1C /* RepositorySearchUITests */,
				1D36487728DDCC78001E0F1C /* Products */,
			);
			sourceTree = "<group>";
		};
		1D36487728DDCC78001E0F1C /* Products */ = {
			isa = PBXGroup;
			children = (
				1D36487628DDCC78001E0F1C /* RepositorySearch.app */,
				1D36488628DDCC7C001E0F1C /* RepositorySearchTests.xctest */,
				1D36489028DDCC7C001E0F1C /* RepositorySearchUITests.xctest */,
			);
			name = Products;
			sourceTree = "<group>";
		};
		1D36487828DDCC78001E0F1C /* RepositorySearch */ = {
			isa = PBXGroup;
			children = (
				1D3648AF28DDCD86001E0F1C /* APIClient */,
				1D3648A928DDCD2B001E0F1C /* Entity */,
				1D3648AC28DDCD57001E0F1C /* Enum */,
				1D3648A328DDCCCB001E0F1C /* View */,
				1D3648A628DDCCFC001E0F1C /* ViewModel */,
				1D36487928DDCC78001E0F1C /* RepositorySearchApp.swift */,
				1D36487D28DDCC7C001E0F1C /* Assets.xcassets */,
				1D36487F28DDCC7C001E0F1C /* Preview Content */,
			);
			path = RepositorySearch;
			sourceTree = "<group>";
		};
		1D36487F28DDCC7C001E0F1C /* Preview Content */ = {
			isa = PBXGroup;
			children = (
				1D36488028DDCC7C001E0F1C /* Preview Assets.xcassets */,
			);
			path = "Preview Content";
			sourceTree = "<group>";
		};
		1D36488928DDCC7C001E0F1C /* RepositorySearchTests */ = {
			isa = PBXGroup;
			children = (
				1D36488A28DDCC7C001E0F1C /* RepositorySearchTests.swift */,
			);
			path = RepositorySearchTests;
			sourceTree = "<group>";
		};
		1D36489328DDCC7C001E0F1C /* RepositorySearchUITests */ = {
			isa = PBXGroup;
			children = (
				1D36489428DDCC7C001E0F1C /* RepositorySearchUITests.swift */,
				1D36489628DDCC7C001E0F1C /* RepositorySearchUITestsLaunchTests.swift */,
			);
			path = RepositorySearchUITests;
			sourceTree = "<group>";
		};
		1D3648A328DDCCCB001E0F1C /* View */ = {
			isa = PBXGroup;
			children = (
				1D36487B28DDCC78001E0F1C /* RepositoryListView.swift */,
				1D3648A428DDCCE8001E0F1C /* RepositoryDetailView.swift */,
				1D3648B228DE861A001E0F1C /* RepositoryIconView.swift */,
				1D3648B428DF38C2001E0F1C /* RepositoryListItemView.swift */,
			);
			path = View;
			sourceTree = "<group>";
		};
		1D3648A628DDCCFC001E0F1C /* ViewModel */ = {
			isa = PBXGroup;
			children = (
				1D3648A728DDCD13001E0F1C /* RepositoryListViewModel.swift */,
			);
			path = ViewModel;
			sourceTree = "<group>";
		};
		1D3648A928DDCD2B001E0F1C /* Entity */ = {
			isa = PBXGroup;
			children = (
				1D3648AA28DDCD46001E0F1C /* Repository.swift */,
			);
			path = Entity;
			sourceTree = "<group>";
		};
		1D3648AC28DDCD57001E0F1C /* Enum */ = {
			isa = PBXGroup;
			children = (
				1D3648AD28DDCD73001E0F1C /* APIError.swift */,
			);
			path = Enum;
			sourceTree = "<group>";
		};
		1D3648AF28DDCD86001E0F1C /* APIClient */ = {
			isa = PBXGroup;
			children = (
				1D3648B028DDCDEE001E0F1C /* SearchRepositoryRequest.swift */,
			);
			path = APIClient;
			sourceTree = "<group>";
		};
/* End PBXGroup section */

/* Begin PBXNativeTarget section */
		1D36487528DDCC78001E0F1C /* RepositorySearch */ = {
			isa = PBXNativeTarget;
			buildConfigurationList = 1D36489A28DDCC7C001E0F1C /* Build configuration list for PBXNativeTarget "RepositorySearch" */;
			buildPhases = (
				1D36487228DDCC78001E0F1C /* Sources */,
				1D36487328DDCC78001E0F1C /* Frameworks */,
				1D36487428DDCC78001E0F1C /* Resources */,
			);
			buildRules = (
			);
			dependencies = (
			);
			name = RepositorySearch;
			productName = RepositorySearch;
			productReference = 1D36487628DDCC78001E0F1C /* RepositorySearch.app */;
			productType = "com.apple.product-type.application";
		};
		1D36488528DDCC7C001E0F1C /* RepositorySearchTests */ = {
			isa = PBXNativeTarget;
			buildConfigurationList = 1D36489D28DDCC7C001E0F1C /* Build configuration list for PBXNativeTarget "RepositorySearchTests" */;
			buildPhases = (
				1D36488228DDCC7C001E0F1C /* Sources */,
				1D36488328DDCC7C001E0F1C /* Frameworks */,
				1D36488428DDCC7C001E0F1C /* Resources */,
			);
			buildRules = (
			);
			dependencies = (
				1D36488828DDCC7C001E0F1C /* PBXTargetDependency */,
			);
			name = RepositorySearchTests;
			productName = RepositorySearchTests;
			productReference = 1D36488628DDCC7C001E0F1C /* RepositorySearchTests.xctest */;
			productType = "com.apple.product-type.bundle.unit-test";
		};
		1D36488F28DDCC7C001E0F1C /* RepositorySearchUITests */ = {
			isa = PBXNativeTarget;
			buildConfigurationList = 1D3648A028DDCC7C001E0F1C /* Build configuration list for PBXNativeTarget "RepositorySearchUITests" */;
			buildPhases = (
				1D36488C28DDCC7C001E0F1C /* Sources */,
				1D36488D28DDCC7C001E0F1C /* Frameworks */,
				1D36488E28DDCC7C001E0F1C /* Resources */,
			);
			buildRules = (
			);
			dependencies = (
				1D36489228DDCC7C001E0F1C /* PBXTargetDependency */,
			);
			name = RepositorySearchUITests;
			productName = RepositorySearchUITests;
			productReference = 1D36489028DDCC7C001E0F1C /* RepositorySearchUITests.xctest */;
			productType = "com.apple.product-type.bundle.ui-testing";
		};
/* End PBXNativeTarget section */

/* Begin PBXProject section */
		1D36486E28DDCC78001E0F1C /* Project object */ = {
			isa = PBXProject;
			attributes = {
				BuildIndependentTargetsInParallel = 1;
				LastSwiftUpdateCheck = 1400;
				LastUpgradeCheck = 1400;
				TargetAttributes = {
					1D36487528DDCC78001E0F1C = {
						CreatedOnToolsVersion = 14.0;
					};
					1D36488528DDCC7C001E0F1C = {
						CreatedOnToolsVersion = 14.0;
						TestTargetID = 1D36487528DDCC78001E0F1C;
					};
					1D36488F28DDCC7C001E0F1C = {
						CreatedOnToolsVersion = 14.0;
						TestTargetID = 1D36487528DDCC78001E0F1C;
					};
				};
			};
			buildConfigurationList = 1D36487128DDCC78001E0F1C /* Build configuration list for PBXProject "RepositorySearch" */;
			compatibilityVersion = "Xcode 14.0";
			developmentRegion = en;
			hasScannedForEncodings = 0;
			knownRegions = (
				en,
				Base,
			);
			mainGroup = 1D36486D28DDCC78001E0F1C;
			productRefGroup = 1D36487728DDCC78001E0F1C /* Products */;
			projectDirPath = "";
			projectRoot = "";
			targets = (
				1D36487528DDCC78001E0F1C /* RepositorySearch */,
				1D36488528DDCC7C001E0F1C /* RepositorySearchTests */,
				1D36488F28DDCC7C001E0F1C /* RepositorySearchUITests */,
			);
		};
/* End PBXProject section */

/* Begin PBXResourcesBuildPhase section */
		1D36487428DDCC78001E0F1C /* Resources */ = {
			isa = PBXResourcesBuildPhase;
			buildActionMask = 2147483647;
			files = (
				1D36488128DDCC7C001E0F1C /* Preview Assets.xcassets in Resources */,
				1D36487E28DDCC7C001E0F1C /* Assets.xcassets in Resources */,
			);
			runOnlyForDeploymentPostprocessing = 0;
		};
		1D36488428DDCC7C001E0F1C /* Resources */ = {
			isa = PBXResourcesBuildPhase;
			buildActionMask = 2147483647;
			files = (
			);
			runOnlyForDeploymentPostprocessing = 0;
		};
		1D36488E28DDCC7C001E0F1C /* Resources */ = {
			isa = PBXResourcesBuildPhase;
			buildActionMask = 2147483647;
			files = (
			);
			runOnlyForDeploymentPostprocessing = 0;
		};
/* End PBXResourcesBuildPhase section */

/* Begin PBXSourcesBuildPhase section */
		1D36487228DDCC78001E0F1C /* Sources */ = {
			isa = PBXSourcesBuildPhase;
			buildActionMask = 2147483647;
			files = (
				1D3648A828DDCD13001E0F1C /* RepositoryListViewModel.swift in Sources */,
				1D3648A528DDCCE8001E0F1C /* RepositoryDetailView.swift in Sources */,
				1D3648AB28DDCD46001E0F1C /* Repository.swift in Sources */,
				1D36487C28DDCC78001E0F1C /* RepositoryListView.swift in Sources */,
				1D36487A28DDCC78001E0F1C /* RepositorySearchApp.swift in Sources */,
				1D3648B528DF38C2001E0F1C /* RepositoryListItemView.swift in Sources */,
				1D3648AE28DDCD73001E0F1C /* APIError.swift in Sources */,
				1D3648B128DDCDEE001E0F1C /* SearchRepositoryRequest.swift in Sources */,
				1D3648B328DE861A001E0F1C /* RepositoryIconView.swift in Sources */,
			);
			runOnlyForDeploymentPostprocessing = 0;
		};
		1D36488228DDCC7C001E0F1C /* Sources */ = {
			isa = PBXSourcesBuildPhase;
			buildActionMask = 2147483647;
			files = (
				1D36488B28DDCC7C001E0F1C /* RepositorySearchTests.swift in Sources */,
			);
			runOnlyForDeploymentPostprocessing = 0;
		};
		1D36488C28DDCC7C001E0F1C /* Sources */ = {
			isa = PBXSourcesBuildPhase;
			buildActionMask = 2147483647;
			files = (
				1D36489728DDCC7C001E0F1C /* RepositorySearchUITestsLaunchTests.swift in Sources */,
				1D36489528DDCC7C001E0F1C /* RepositorySearchUITests.swift in Sources */,
			);
			runOnlyForDeploymentPostprocessing = 0;
		};
/* End PBXSourcesBuildPhase section */

/* Begin PBXTargetDependency section */
		1D36488828DDCC7C001E0F1C /* PBXTargetDependency */ = {
			isa = PBXTargetDependency;
			target = 1D36487528DDCC78001E0F1C /* RepositorySearch */;
			targetProxy = 1D36488728DDCC7C001E0F1C /* PBXContainerItemProxy */;
		};
		1D36489228DDCC7C001E0F1C /* PBXTargetDependency */ = {
			isa = PBXTargetDependency;
			target = 1D36487528DDCC78001E0F1C /* RepositorySearch */;
			targetProxy = 1D36489128DDCC7C001E0F1C /* PBXContainerItemProxy */;
		};
/* End PBXTargetDependency section */

/* Begin XCBuildConfiguration section */
		1D36489828DDCC7C001E0F1C /* Debug */ = {
			isa = XCBuildConfiguration;
			buildSettings = {
				ALWAYS_SEARCH_USER_PATHS = NO;
				CLANG_ANALYZER_NONNULL = YES;
				CLANG_ANALYZER_NUMBER_OBJECT_CONVERSION = YES_AGGRESSIVE;
				CLANG_CXX_LANGUAGE_STANDARD = "gnu++20";
				CLANG_ENABLE_MODULES = YES;
				CLANG_ENABLE_OBJC_ARC = YES;
				CLANG_ENABLE_OBJC_WEAK = YES;
				CLANG_WARN_BLOCK_CAPTURE_AUTORELEASING = YES;
				CLANG_WARN_BOOL_CONVERSION = YES;
				CLANG_WARN_COMMA = YES;
				CLANG_WARN_CONSTANT_CONVERSION = YES;
				CLANG_WARN_DEPRECATED_OBJC_IMPLEMENTATIONS = YES;
				CLANG_WARN_DIRECT_OBJC_ISA_USAGE = YES_ERROR;
				CLANG_WARN_DOCUMENTATION_COMMENTS = YES;
				CLANG_WARN_EMPTY_BODY = YES;
				CLANG_WARN_ENUM_CONVERSION = YES;
				CLANG_WARN_INFINITE_RECURSION = YES;
				CLANG_WARN_INT_CONVERSION = YES;
				CLANG_WARN_NON_LITERAL_NULL_CONVERSION = YES;
				CLANG_WARN_OBJC_IMPLICIT_RETAIN_SELF = YES;
				CLANG_WARN_OBJC_LITERAL_CONVERSION = YES;
				CLANG_WARN_OBJC_ROOT_CLASS = YES_ERROR;
				CLANG_WARN_QUOTED_INCLUDE_IN_FRAMEWORK_HEADER = YES;
				CLANG_WARN_RANGE_LOOP_ANALYSIS = YES;
				CLANG_WARN_STRICT_PROTOTYPES = YES;
				CLANG_WARN_SUSPICIOUS_MOVE = YES;
				CLANG_WARN_UNGUARDED_AVAILABILITY = YES_AGGRESSIVE;
				CLANG_WARN_UNREACHABLE_CODE = YES;
				CLANG_WARN__DUPLICATE_METHOD_MATCH = YES;
				COPY_PHASE_STRIP = NO;
				DEBUG_INFORMATION_FORMAT = dwarf;
				ENABLE_STRICT_OBJC_MSGSEND = YES;
				ENABLE_TESTABILITY = YES;
				GCC_C_LANGUAGE_STANDARD = gnu11;
				GCC_DYNAMIC_NO_PIC = NO;
				GCC_NO_COMMON_BLOCKS = YES;
				GCC_OPTIMIZATION_LEVEL = 0;
				GCC_PREPROCESSOR_DEFINITIONS = (
					"DEBUG=1",
					"$(inherited)",
				);
				GCC_WARN_64_TO_32_BIT_CONVERSION = YES;
				GCC_WARN_ABOUT_RETURN_TYPE = YES_ERROR;
				GCC_WARN_UNDECLARED_SELECTOR = YES;
				GCC_WARN_UNINITIALIZED_AUTOS = YES_AGGRESSIVE;
				GCC_WARN_UNUSED_FUNCTION = YES;
				GCC_WARN_UNUSED_VARIABLE = YES;
				IPHONEOS_DEPLOYMENT_TARGET = 16.0;
				MTL_ENABLE_DEBUG_INFO = INCLUDE_SOURCE;
				MTL_FAST_MATH = YES;
				ONLY_ACTIVE_ARCH = YES;
				SDKROOT = iphoneos;
				SWIFT_ACTIVE_COMPILATION_CONDITIONS = DEBUG;
				SWIFT_OPTIMIZATION_LEVEL = "-Onone";
			};
			name = Debug;
		};
		1D36489928DDCC7C001E0F1C /* Release */ = {
			isa = XCBuildConfiguration;
			buildSettings = {
				ALWAYS_SEARCH_USER_PATHS = NO;
				CLANG_ANALYZER_NONNULL = YES;
				CLANG_ANALYZER_NUMBER_OBJECT_CONVERSION = YES_AGGRESSIVE;
				CLANG_CXX_LANGUAGE_STANDARD = "gnu++20";
				CLANG_ENABLE_MODULES = YES;
				CLANG_ENABLE_OBJC_ARC = YES;
				CLANG_ENABLE_OBJC_WEAK = YES;
				CLANG_WARN_BLOCK_CAPTURE_AUTORELEASING = YES;
				CLANG_WARN_BOOL_CONVERSION = YES;
				CLANG_WARN_COMMA = YES;
				CLANG_WARN_CONSTANT_CONVERSION = YES;
				CLANG_WARN_DEPRECATED_OBJC_IMPLEMENTATIONS = YES;
				CLANG_WARN_DIRECT_OBJC_ISA_USAGE = YES_ERROR;
				CLANG_WARN_DOCUMENTATION_COMMENTS = YES;
				CLANG_WARN_EMPTY_BODY = YES;
				CLANG_WARN_ENUM_CONVERSION = YES;
				CLANG_WARN_INFINITE_RECURSION = YES;
				CLANG_WARN_INT_CONVERSION = YES;
				CLANG_WARN_NON_LITERAL_NULL_CONVERSION = YES;
				CLANG_WARN_OBJC_IMPLICIT_RETAIN_SELF = YES;
				CLANG_WARN_OBJC_LITERAL_CONVERSION = YES;
				CLANG_WARN_OBJC_ROOT_CLASS = YES_ERROR;
				CLANG_WARN_QUOTED_INCLUDE_IN_FRAMEWORK_HEADER = YES;
				CLANG_WARN_RANGE_LOOP_ANALYSIS = YES;
				CLANG_WARN_STRICT_PROTOTYPES = YES;
				CLANG_WARN_SUSPICIOUS_MOVE = YES;
				CLANG_WARN_UNGUARDED_AVAILABILITY = YES_AGGRESSIVE;
				CLANG_WARN_UNREACHABLE_CODE = YES;
				CLANG_WARN__DUPLICATE_METHOD_MATCH = YES;
				COPY_PHASE_STRIP = NO;
				DEBUG_INFORMATION_FORMAT = "dwarf-with-dsym";
				ENABLE_NS_ASSERTIONS = NO;
				ENABLE_STRICT_OBJC_MSGSEND = YES;
				GCC_C_LANGUAGE_STANDARD = gnu11;
				GCC_NO_COMMON_BLOCKS = YES;
				GCC_WARN_64_TO_32_BIT_CONVERSION = YES;
				GCC_WARN_ABOUT_RETURN_TYPE = YES_ERROR;
				GCC_WARN_UNDECLARED_SELECTOR = YES;
				GCC_WARN_UNINITIALIZED_AUTOS = YES_AGGRESSIVE;
				GCC_WARN_UNUSED_FUNCTION = YES;
				GCC_WARN_UNUSED_VARIABLE = YES;
				IPHONEOS_DEPLOYMENT_TARGET = 16.0;
				MTL_ENABLE_DEBUG_INFO = NO;
				MTL_FAST_MATH = YES;
				SDKROOT = iphoneos;
				SWIFT_COMPILATION_MODE = wholemodule;
				SWIFT_OPTIMIZATION_LEVEL = "-O";
				VALIDATE_PRODUCT = YES;
			};
			name = Release;
		};
		1D36489B28DDCC7C001E0F1C /* Debug */ = {
			isa = XCBuildConfiguration;
			buildSettings = {
				ASSETCATALOG_COMPILER_APPICON_NAME = AppIcon;
				ASSETCATALOG_COMPILER_GLOBAL_ACCENT_COLOR_NAME = AccentColor;
				CODE_SIGN_STYLE = Automatic;
				CURRENT_PROJECT_VERSION = 1;
				DEVELOPMENT_ASSET_PATHS = "\"RepositorySearch/Preview Content\"";
				DEVELOPMENT_TEAM = "";
				ENABLE_PREVIEWS = YES;
				GENERATE_INFOPLIST_FILE = YES;
				INFOPLIST_KEY_UIApplicationSceneManifest_Generation = YES;
				INFOPLIST_KEY_UIApplicationSupportsIndirectInputEvents = YES;
				INFOPLIST_KEY_UILaunchScreen_Generation = YES;
				INFOPLIST_KEY_UISupportedInterfaceOrientations_iPad = "UIInterfaceOrientationPortrait UIInterfaceOrientationPortraitUpsideDown UIInterfaceOrientationLandscapeLeft UIInterfaceOrientationLandscapeRight";
				INFOPLIST_KEY_UISupportedInterfaceOrientations_iPhone = "UIInterfaceOrientationPortrait UIInterfaceOrientationLandscapeLeft UIInterfaceOrientationLandscapeRight";
				LD_RUNPATH_SEARCH_PATHS = (
					"$(inherited)",
					"@executable_path/Frameworks",
				);
				MARKETING_VERSION = 1.0;
				PRODUCT_BUNDLE_IDENTIFIER = com.taathub.RepositorySearch;
				PRODUCT_NAME = "$(TARGET_NAME)";
				SWIFT_EMIT_LOC_STRINGS = YES;
				SWIFT_VERSION = 5.0;
				TARGETED_DEVICE_FAMILY = "1,2";
			};
			name = Debug;
		};
		1D36489C28DDCC7C001E0F1C /* Release */ = {
			isa = XCBuildConfiguration;
			buildSettings = {
				ASSETCATALOG_COMPILER_APPICON_NAME = AppIcon;
				ASSETCATALOG_COMPILER_GLOBAL_ACCENT_COLOR_NAME = AccentColor;
				CODE_SIGN_STYLE = Automatic;
				CURRENT_PROJECT_VERSION = 1;
				DEVELOPMENT_ASSET_PATHS = "\"RepositorySearch/Preview Content\"";
				DEVELOPMENT_TEAM = "";
				ENABLE_PREVIEWS = YES;
				GENERATE_INFOPLIST_FILE = YES;
				INFOPLIST_KEY_UIApplicationSceneManifest_Generation = YES;
				INFOPLIST_KEY_UIApplicationSupportsIndirectInputEvents = YES;
				INFOPLIST_KEY_UILaunchScreen_Generation = YES;
				INFOPLIST_KEY_UISupportedInterfaceOrientations_iPad = "UIInterfaceOrientationPortrait UIInterfaceOrientationPortraitUpsideDown UIInterfaceOrientationLandscapeLeft UIInterfaceOrientationLandscapeRight";
				INFOPLIST_KEY_UISupportedInterfaceOrientations_iPhone = "UIInterfaceOrientationPortrait UIInterfaceOrientationLandscapeLeft UIInterfaceOrientationLandscapeRight";
				LD_RUNPATH_SEARCH_PATHS = (
					"$(inherited)",
					"@executable_path/Frameworks",
				);
				MARKETING_VERSION = 1.0;
				PRODUCT_BUNDLE_IDENTIFIER = com.taathub.RepositorySearch;
				PRODUCT_NAME = "$(TARGET_NAME)";
				SWIFT_EMIT_LOC_STRINGS = YES;
				SWIFT_VERSION = 5.0;
				TARGETED_DEVICE_FAMILY = "1,2";
			};
			name = Release;
		};
		1D36489E28DDCC7C001E0F1C /* Debug */ = {
			isa = XCBuildConfiguration;
			buildSettings = {
				ALWAYS_EMBED_SWIFT_STANDARD_LIBRARIES = YES;
				BUNDLE_LOADER = "$(TEST_HOST)";
				CODE_SIGN_STYLE = Automatic;
				CURRENT_PROJECT_VERSION = 1;
				DEVELOPMENT_TEAM = ENCG5MBZ98;
				GENERATE_INFOPLIST_FILE = YES;
				IPHONEOS_DEPLOYMENT_TARGET = 16.0;
				MARKETING_VERSION = 1.0;
				PRODUCT_BUNDLE_IDENTIFIER = com.dongyafei.RepositorySearchTests;
				PRODUCT_NAME = "$(TARGET_NAME)";
				SWIFT_EMIT_LOC_STRINGS = NO;
				SWIFT_VERSION = 5.0;
				TARGETED_DEVICE_FAMILY = "1,2";
				TEST_HOST = "$(BUILT_PRODUCTS_DIR)/RepositorySearch.app/$(BUNDLE_EXECUTABLE_FOLDER_PATH)/RepositorySearch";
			};
			name = Debug;
		};
		1D36489F28DDCC7C001E0F1C /* Release */ = {
			isa = XCBuildConfiguration;
			buildSettings = {
				ALWAYS_EMBED_SWIFT_STANDARD_LIBRARIES = YES;
				BUNDLE_LOADER = "$(TEST_HOST)";
				CODE_SIGN_STYLE = Automatic;
				CURRENT_PROJECT_VERSION = 1;
				DEVELOPMENT_TEAM = ENCG5MBZ98;
				GENERATE_INFOPLIST_FILE = YES;
				IPHONEOS_DEPLOYMENT_TARGET = 16.0;
				MARKETING_VERSION = 1.0;
				PRODUCT_BUNDLE_IDENTIFIER = com.dongyafei.RepositorySearchTests;
				PRODUCT_NAME = "$(TARGET_NAME)";
				SWIFT_EMIT_LOC_STRINGS = NO;
				SWIFT_VERSION = 5.0;
				TARGETED_DEVICE_FAMILY = "1,2";
				TEST_HOST = "$(BUILT_PRODUCTS_DIR)/RepositorySearch.app/$(BUNDLE_EXECUTABLE_FOLDER_PATH)/RepositorySearch";
			};
			name = Release;
		};
		1D3648A128DDCC7C001E0F1C /* Debug */ = {
			isa = XCBuildConfiguration;
			buildSettings = {
				ALWAYS_EMBED_SWIFT_STANDARD_LIBRARIES = YES;
				CODE_SIGN_STYLE = Automatic;
				CURRENT_PROJECT_VERSION = 1;
				DEVELOPMENT_TEAM = ENCG5MBZ98;
				GENERATE_INFOPLIST_FILE = YES;
				MARKETING_VERSION = 1.0;
				PRODUCT_BUNDLE_IDENTIFIER = com.dongyafei.RepositorySearchUITests;
				PRODUCT_NAME = "$(TARGET_NAME)";
				SWIFT_EMIT_LOC_STRINGS = NO;
				SWIFT_VERSION = 5.0;
				TARGETED_DEVICE_FAMILY = "1,2";
				TEST_TARGET_NAME = RepositorySearch;
			};
			name = Debug;
		};
		1D3648A228DDCC7C001E0F1C /* Release */ = {
			isa = XCBuildConfiguration;
			buildSettings = {
				ALWAYS_EMBED_SWIFT_STANDARD_LIBRARIES = YES;
				CODE_SIGN_STYLE = Automatic;
				CURRENT_PROJECT_VERSION = 1;
				DEVELOPMENT_TEAM = ENCG5MBZ98;
				GENERATE_INFOPLIST_FILE = YES;
				MARKETING_VERSION = 1.0;
				PRODUCT_BUNDLE_IDENTIFIER = com.dongyafei.RepositorySearchUITests;
				PRODUCT_NAME = "$(TARGET_NAME)";
				SWIFT_EMIT_LOC_STRINGS = NO;
				SWIFT_VERSION = 5.0;
				TARGETED_DEVICE_FAMILY = "1,2";
				TEST_TARGET_NAME = RepositorySearch;
			};
			name = Release;
		};
/* End XCBuildConfiguration section */

/* Begin XCConfigurationList section */
		1D36487128DDCC78001E0F1C /* Build configuration list for PBXProject "RepositorySearch" */ = {
			isa = XCConfigurationList;
			buildConfigurations = (
				1D36489828DDCC7C001E0F1C /* Debug */,
				1D36489928DDCC7C001E0F1C /* Release */,
			);
			defaultConfigurationIsVisible = 0;
			defaultConfigurationName = Release;
		};
		1D36489A28DDCC7C001E0F1C /* Build configuration list for PBXNativeTarget "RepositorySearch" */ = {
			isa = XCConfigurationList;
			buildConfigurations = (
				1D36489B28DDCC7C001E0F1C /* Debug */,
				1D36489C28DDCC7C001E0F1C /* Release */,
			);
			defaultConfigurationIsVisible = 0;
			defaultConfigurationName = Release;
		};
		1D36489D28DDCC7C001E0F1C /* Build configuration list for PBXNativeTarget "RepositorySearchTests" */ = {
			isa = XCConfigurationList;
			buildConfigurations = (
				1D36489E28DDCC7C001E0F1C /* Debug */,
				1D36489F28DDCC7C001E0F1C /* Release */,
			);
			defaultConfigurationIsVisible = 0;
			defaultConfigurationName = Release;
		};
		1D3648A028DDCC7C001E0F1C /* Build configuration list for PBXNativeTarget "RepositorySearchUITests" */ = {
			isa = XCConfigurationList;
			buildConfigurations = (
				1D3648A128DDCC7C001E0F1C /* Debug */,
				1D3648A228DDCC7C001E0F1C /* Release */,
			);
			defaultConfigurationIsVisible = 0;
			defaultConfigurationName = Release;
		};
/* End XCConfigurationList section */
	};
	rootObject = 1D36486E28DDCC78001E0F1C /* Project object */;
}
